
Microsoft Visual Studio Solution File, Format Version 12.00
# Visual Studio Version 16
VisualStudioVersion = 16.0.810.17
MinimumVisualStudioVersion = 10.0.40219.1
Project("{FAE04EC0-301F-11D3-BF4B-00C04F79EFBC}") = "IneorTaskBackend", "IneorTaskBackend\IneorTaskBackend.csproj", "{BECC3226-0BC5-4155-97EC-9A90A733493C}"
EndProject
Project("{FAE04EC0-301F-11D3-BF4B-00C04F79EFBC}") = "IneorTaskBackend.Tests", "IneorTaskBackend.Tests\IneorTaskBackend.Tests.csproj", "{D5328AA9-5511-4C8B-AF1C-08FED023F017}"
EndProject
Global
	GlobalSection(SolutionConfigurationPlatforms) = preSolution
		Debug|Any CPU = Debug|Any CPU
		Release|Any CPU = Release|Any CPU
	EndGlobalSection
	GlobalSection(ProjectConfigurationPlatforms) = postSolution
		{BECC3226-0BC5-4155-97EC-9A90A733493C}.Debug|Any CPU.ActiveCfg = Debug|Any CPU
		{BECC3226-0BC5-4155-97EC-9A90A733493C}.Debug|Any CPU.Build.0 = Debug|Any CPU
		{BECC3226-0BC5-4155-97EC-9A90A733493C}.Release|Any CPU.ActiveCfg = Release|Any CPU
		{BECC3226-0BC5-4155-97EC-9A90A733493C}.Release|Any CPU.Build.0 = Release|Any CPU
		{D5328AA9-5511-4C8B-AF1C-08FED023F017}.Debug|Any CPU.ActiveCfg = Debug|Any CPU
		{D5328AA9-5511-4C8B-AF1C-08FED023F017}.Debug|Any CPU.Build.0 = Debug|Any CPU
		{D5328AA9-5511-4C8B-AF1C-08FED023F017}.Release|Any CPU.ActiveCfg = Release|Any CPU
		{D5328AA9-5511-4C8B-AF1C-08FED023F017}.Release|Any CPU.Build.0 = Release|Any CPU
	EndGlobalSection
	GlobalSection(SolutionProperties) = preSolution
		HideSolutionNode = FALSE
	EndGlobalSection
	GlobalSection(ExtensibilityGlobals) = postSolution
		SolutionGuid = {1A159504-9CD2-404F-B697-4DAB8DF8CC6D}
	EndGlobalSection
EndGlobal
